
Microsoft Visual Studio Solution File, Format Version 12.00
# Visual Studio Version 17
VisualStudioVersion = 17.5.33516.290
MinimumVisualStudioVersion = 10.0.40219.1
Project("{FAE04EC0-301F-11D3-BF4B-00C04F79EFBC}") = "NewComServer", "NewComServer.csproj", "{C39BC850-607E-41D3-9CC5-909DB0CCFC1F}"
EndProject
Global
	GlobalSection(SolutionConfigurationPlatforms) = preSolution
		Debug|Any CPU = Debug|Any CPU
		Release|Any CPU = Release|Any CPU
	EndGlobalSection
	GlobalSection(ProjectConfigurationPlatforms) = postSolution
		{C39BC850-607E-41D3-9CC5-909DB0CCFC1F}.Debug|Any CPU.ActiveCfg = Debug|Any CPU
		{C39BC850-607E-41D3-9CC5-909DB0CCFC1F}.Debug|Any CPU.Build.0 = Debug|Any CPU
		{C39BC850-607E-41D3-9CC5-909DB0CCFC1F}.Release|Any CPU.ActiveCfg = Release|Any CPU
		{C39BC850-607E-41D3-9CC5-909DB0CCFC1F}.Release|Any CPU.Build.0 = Release|Any CPU
	EndGlobalSection
	GlobalSection(SolutionProperties) = preSolution
		HideSolutionNode = FALSE
	EndGlobalSection
	GlobalSection(ExtensibilityGlobals) = postSolution
		SolutionGuid = {CED570D6-5E5D-41D4-B9D2-74B56C92F47A}
	EndGlobalSection
EndGlobal
